dependencies:
  espressif/esp-dsp:
    component_hash: 3e7bbd487f1357a1d4944d0c85966d049501ea281b8a4c7f93f7cfedd5b7f23d
    source:
      service_url: https://api.components.espressif.com/
      type: service
    version: 1.4.12
  idf:
    component_hash: null
    source:
      type: idf
    version: 5.1.2
manifest_hash: ae10f8554d1de9e69a163df31e0a8616e01bb860c2aa1768e791e541964daf88
target: esp32s3
version: 1.0.0
