dependencies:
  espressif/button:
    component_hash: e909337d12ca9e1148007c9e03bb0fdc43d1a7df8b2cf44a76458cc044001a96
    source:
      service_url: https://api.components.espressif.com/
      type: service
    version: 3.2.2
  espressif/cbor:
    component_hash: 440f4ee4504841cc9b4f3a8ef755776a612ac9dace355514c68b999868f990ff
    source:
      service_url: https://api.components.espressif.com/
      type: service
    version: 0.6.0~1
  espressif/cmake_utilities:
    component_hash: 351350613ceafba240b761b4ea991e0f231ac7a9f59a9ee901f751bddc0bb18f
    source:
      service_url: https://api.components.espressif.com/
      type: service
    version: 0.5.3
  espressif/esp32-camera:
    component_hash: a1933162caca04a3a3bb0dca00bb56fcb3c50cd3779ab2f2b03ad8536e9bd0d0
    source:
      service_url: https://api.components.espressif.com/
      type: service
    version: 2.0.9
  espressif/esp32_s3_eye_noglib:
    component_hash: 5d5feae65316856500d90f264abc7bbd3b1e31a1621f89e459adb5314baae523
    source:
      service_url: https://api.components.espressif.com/
      type: service
    version: 3.0.4
  espressif/esp_codec_dev:
    component_hash: 014948481bda426cd46714f297fe1891711246c62bea288863a8cc8cf13ef1f0
    source:
      service_url: https://api.components.espressif.com/
      type: service
    version: 1.2.0
  espressif/esp_diag_data_store:
    component_hash: null
    source:
      path: E:\Embedded_system\LabD20\IoT_FPT\Github\iot-challenge\Camera_node\Camera_detect\components\esp-insights\components\esp_diag_data_store
      type: local
    version: 1.0.1
  espressif/esp_diagnostics:
    component_hash: null
    source:
      path: E:\Embedded_system\LabD20\IoT_FPT\Github\iot-challenge\Camera_node\Camera_detect\components\esp-insights\components\esp_diagnostics
      type: local
    version: 1.0.1
  espressif/esp_schedule:
    component_hash: null
    source:
      path: E:\Embedded_system\LabD20\IoT_FPT\Github\iot-challenge\Camera_node\Camera_detect\components\esp_schedule
      type: local
    version: 1.2.0
  espressif/esp_secure_cert_mgr:
    component_hash: a20007d67e65a000670ab77e45d7554c943eb8dcb0abeada0a57dd9adac3a703
    source:
      service_url: https://api.components.espressif.com/
      type: service
    version: 2.4.1
  espressif/jsmn:
    component_hash: d80350c41bbaa827c98a25b6072df00884e72f54885996fab4a4f0aebce6b6c3
    source:
      service_url: https://api.components.espressif.com/
      type: service
    version: 1.1.0
  espressif/json_generator:
    component_hash: null
    source:
      path: E:\Embedded_system\LabD20\IoT_FPT\Github\iot-challenge\Camera_node\Camera_detect\components\json_generator
      type: local
    version: 1.1.1
  espressif/json_parser:
    component_hash: null
    source:
      path: E:\Embedded_system\LabD20\IoT_FPT\Github\iot-challenge\Camera_node\Camera_detect\components\json_parser
      type: local
    version: 1.0.3
  espressif/mdns:
    component_hash: 31117d76cae83a6d83ffd7f035f6fdae5bd05b914fc30b641afeb208b84de19a
    source:
      service_url: https://api.components.espressif.com/
      type: service
    version: 1.3.2
  espressif/rmaker_common:
    component_hash: null
    source:
      path: E:\Embedded_system\LabD20\IoT_FPT\Github\iot-challenge\Camera_node\Camera_detect\components\esp-insights\components\rmaker_common
      type: local
    version: 1.4.3
  idf:
    component_hash: null
    source:
      type: idf
    version: 5.1.2
manifest_hash: a35324306b1bcd639ef19107a7a8109f00ec47815b72a39ea1b984a6614c7639
target: esp32s3
version: 1.0.0
